
Microsoft Visual Studio Solution File, Format Version 12.00
# Visual Studio Version 16
VisualStudioVersion = 16.0.29728.190
MinimumVisualStudioVersion = 10.0.40219.1
Project("{FAE04EC0-301F-11D3-BF4B-00C04F79EFBC}") = "specflow_03_02_2020", "specflow_03_02_2020\specflow_03_02_2020.csproj", "{8472011D-EA01-4A2C-B65A-D6CEA0736017}"
EndProject
Global
	GlobalSection(SolutionConfigurationPlatforms) = preSolution
		Debug|Any CPU = Debug|Any CPU
		Release|Any CPU = Release|Any CPU
	EndGlobalSection
	GlobalSection(ProjectConfigurationPlatforms) = postSolution
		{8472011D-EA01-4A2C-B65A-D6CEA0736017}.Debug|Any CPU.ActiveCfg = Debug|Any CPU
		{8472011D-EA01-4A2C-B65A-D6CEA0736017}.Debug|Any CPU.Build.0 = Debug|Any CPU
		{8472011D-EA01-4A2C-B65A-D6CEA0736017}.Release|Any CPU.ActiveCfg = Release|Any CPU
		{8472011D-EA01-4A2C-B65A-D6CEA0736017}.Release|Any CPU.Build.0 = Release|Any CPU
	EndGlobalSection
	GlobalSection(SolutionProperties) = preSolution
		HideSolutionNode = FALSE
	EndGlobalSection
	GlobalSection(ExtensibilityGlobals) = postSolution
		SolutionGuid = {53DECE4E-E555-4C0A-923B-D0CEDF8DD448}
	EndGlobalSection
EndGlobal
